{
  "name": "@sqb/connect",
  "version": "4.0.1-alpha.4",
  "lockfileVersion": 1,
  "requires": true,
  "dependencies": {
    "@types/debug": {
      "version": "4.1.5",
      "resolved": "https://registry.npmjs.org/@types/debug/-/debug-4.1.5.tgz",
      "integrity": "sha512-Q1y515GcOdTHgagaVFhHnIFQ38ygs/kmxdNpvpou+raI9UO3YZcHDngBSYKQklcKlvA7iuQlmIKbzvmxcOE9CQ==",
      "dev": true
    },
    "debug": {
      "version": "4.3.1",
      "resolved": "https://registry.npmjs.org/debug/-/debug-4.3.1.tgz",
      "integrity": "sha512-doEwdvm4PCeK4K3RQN2ZC2BYUBaxwLARCqZmMjtF8a51J2Rb0xpVloFRnCODwqjpwnAoao4pelN8l3RJdv3gRQ==",
      "requires": {
        "ms": "2.1.2"
      }
    },
    "doublylinked": {
      "version": "2.4.3",
      "resolved": "https://registry.npmjs.org/doublylinked/-/doublylinked-2.4.3.tgz",
      "integrity": "sha512-IQQfqVWvkNqFDOirgiAN3FfEYbIu/a1QwQl8hUfaw6e30p7KlUkZaX3ke7h5QNM7+tGZ3s49/SzWjuxtc/wu3Q=="
    },
    "lightning-pool": {
      "version": "3.1.0",
      "resolved": "https://registry.npmjs.org/lightning-pool/-/lightning-pool-3.1.0.tgz",
      "integrity": "sha512-mP6jbyLMDOQcTSrWYxGf+Ku0gGFh6uVQfCHLID7E43ewnBhFPswNPol4c4Uz5BL5y8EJwDI3XFDdxOnCSu468g==",
      "requires": {
        "doublylinked": "^2.4.3",
        "putil-promisify": "^1.8.2"
      }
    },
    "ms": {
      "version": "2.1.2",
      "resolved": "https://registry.npmjs.org/ms/-/ms-2.1.2.tgz",
      "integrity": "sha512-sGkPx+VjMtmA6MX27oA4FBFELFCZZ4S4XqeGOXCv68tT+jb3vk/RyaKWP0PTKyWtmLSM0b+adUTEvbs1PEaH2w=="
    },
    "putil-isplainobject": {
      "version": "1.1.3",
      "resolved": "https://registry.npmjs.org/putil-isplainobject/-/putil-isplainobject-1.1.3.tgz",
      "integrity": "sha512-7qTuYdoTdH1GwKp/Z/wdIxbE5kg7t/c1T2Dpl9AfQZk1C1f3SK11hiYBTjRCI1ArR3927WMBJE17bAoHEN14WA=="
    },
    "putil-merge": {
      "version": "3.6.2",
      "resolved": "https://registry.npmjs.org/putil-merge/-/putil-merge-3.6.2.tgz",
      "integrity": "sha512-BOEhul1cp39lMFHhXtXZ7A8aVn3NhhckAcDDxGPKxpIagxtTg6Jc2eeAWZrkUC2vhZwUmKr6E8ZgpcecqJMVTQ=="
    },
    "putil-promisify": {
      "version": "1.8.2",
      "resolved": "https://registry.npmjs.org/putil-promisify/-/putil-promisify-1.8.2.tgz",
      "integrity": "sha512-jll4WO2Ef8eTvDjLGOFaFNhY3if6xRpXRSX8lbvKsXWaVaL8loGA5Wto/q1n2Lf85Zaua3l9Glhr9J46NSexkw=="
    },
    "putil-taskqueue": {
      "version": "2.5.1",
      "resolved": "https://registry.npmjs.org/putil-taskqueue/-/putil-taskqueue-2.5.1.tgz",
      "integrity": "sha512-y8+hAjcWyQAxADRcmMvFvCEO410O3Oqwi/dBG6mh4OsAEmjCIF/7Yix6Vqqa7MZ2IVuHidWFUJ06PbV0FtlfSA==",
      "requires": {
        "doublylinked": "^2.4.0"
      }
    },
    "putil-varhelpers": {
      "version": "1.2.2",
      "resolved": "https://registry.npmjs.org/putil-varhelpers/-/putil-varhelpers-1.2.2.tgz",
      "integrity": "sha512-AsTu08dlLFN6dmNY2YZEjJdUi9KBvpKi4PQU5Jg1sgWdCUowh94dGem5dClgzPj3kpqEd7nJvfkR6AQdHN3nhA=="
    }
  }
}
