{
  "name": "@sqb/orm",
  "version": "4.0.1-alpha.2",
  "lockfileVersion": 1,
  "requires": true,
  "dependencies": {
    "debug": {
      "version": "4.3.1",
      "resolved": "https://registry.npmjs.org/debug/-/debug-4.3.1.tgz",
      "integrity": "sha512-doEwdvm4PCeK4K3RQN2ZC2BYUBaxwLARCqZmMjtF8a51J2Rb0xpVloFRnCODwqjpwnAoao4pelN8l3RJdv3gRQ==",
      "dev": true,
      "requires": {
        "ms": "2.1.2"
      }
    },
    "doublylinked": {
      "version": "2.4.3",
      "resolved": "https://registry.npmjs.org/doublylinked/-/doublylinked-2.4.3.tgz",
      "integrity": "sha512-IQQfqVWvkNqFDOirgiAN3FfEYbIu/a1QwQl8hUfaw6e30p7KlUkZaX3ke7h5QNM7+tGZ3s49/SzWjuxtc/wu3Q==",
      "dev": true
    },
    "lightning-pool": {
      "version": "3.0.1",
      "resolved": "https://registry.npmjs.org/lightning-pool/-/lightning-pool-3.0.1.tgz",
      "integrity": "sha512-3QS3fFKxJ9sAuTh39spcBcT1AfVHIngQEf88AoMF/Iow12fjI9ZKtBfbl544HlT2uNgfWsCDXFAIy0O817TfBA==",
      "dev": true,
      "requires": {
        "doublylinked": "^2.4.3",
        "putil-promisify": "^1.8.2"
      }
    },
    "ms": {
      "version": "2.1.2",
      "resolved": "https://registry.npmjs.org/ms/-/ms-2.1.2.tgz",
      "integrity": "sha512-sGkPx+VjMtmA6MX27oA4FBFELFCZZ4S4XqeGOXCv68tT+jb3vk/RyaKWP0PTKyWtmLSM0b+adUTEvbs1PEaH2w==",
      "dev": true
    },
    "obuf": {
      "version": "1.1.2",
      "resolved": "https://registry.npmjs.org/obuf/-/obuf-1.1.2.tgz",
      "integrity": "sha512-PX1wu0AmAdPqOL1mWhqmlOd8kOIZQwGZw6rh7uby9fTc5lhaOWFLX3I6R1hrF9k3zUY40e6igsLGkDXK92LJNg==",
      "dev": true
    },
    "postgres-bytea": {
      "version": "3.0.0",
      "resolved": "https://registry.npmjs.org/postgres-bytea/-/postgres-bytea-3.0.0.tgz",
      "integrity": "sha512-CNd4jim9RFPkObHSjVHlVrxoVQXz7quwNFpz7RY1okNNme49+sVyiTvTRobiLV548Hx/hb1BG+iE7h9493WzFw==",
      "dev": true,
      "requires": {
        "obuf": "~1.1.2"
      }
    },
    "postgresql-client": {
      "version": "1.9.2",
      "resolved": "https://registry.npmjs.org/postgresql-client/-/postgresql-client-1.9.2.tgz",
      "integrity": "sha512-5JXX1KPbxgPwMNO+atVTIZzYulwpfdy08ZSpMbCvof0qCo57XeBYYbCTneZQcdWjf+Z09FayEMyqVC5FxItbGQ==",
      "dev": true,
      "requires": {
        "debug": "^4.3.1",
        "doublylinked": "^2.4.3",
        "lightning-pool": "^3.0.1",
        "postgres-bytea": "^3.0.0",
        "putil-promisify": "^1.8.2",
        "putil-taskqueue": "^2.5.1",
        "putil-varhelpers": "^1.2.2"
      }
    },
    "putil-promisify": {
      "version": "1.8.2",
      "resolved": "https://registry.npmjs.org/putil-promisify/-/putil-promisify-1.8.2.tgz",
      "integrity": "sha512-jll4WO2Ef8eTvDjLGOFaFNhY3if6xRpXRSX8lbvKsXWaVaL8loGA5Wto/q1n2Lf85Zaua3l9Glhr9J46NSexkw==",
      "dev": true
    },
    "putil-taskqueue": {
      "version": "2.5.1",
      "resolved": "https://registry.npmjs.org/putil-taskqueue/-/putil-taskqueue-2.5.1.tgz",
      "integrity": "sha512-y8+hAjcWyQAxADRcmMvFvCEO410O3Oqwi/dBG6mh4OsAEmjCIF/7Yix6Vqqa7MZ2IVuHidWFUJ06PbV0FtlfSA==",
      "dev": true,
      "requires": {
        "doublylinked": "^2.4.0"
      }
    },
    "putil-varhelpers": {
      "version": "1.2.2",
      "resolved": "https://registry.npmjs.org/putil-varhelpers/-/putil-varhelpers-1.2.2.tgz",
      "integrity": "sha512-AsTu08dlLFN6dmNY2YZEjJdUi9KBvpKi4PQU5Jg1sgWdCUowh94dGem5dClgzPj3kpqEd7nJvfkR6AQdHN3nhA==",
      "dev": true
    }
  }
}
