{
  "name": "@sqb/sqljs",
  "version": "4.0.1-alpha.4",
  "lockfileVersion": 1,
  "requires": true,
  "dependencies": {
    "@types/emscripten": {
      "version": "1.39.4",
      "resolved": "https://registry.npmjs.org/@types/emscripten/-/emscripten-1.39.4.tgz",
      "integrity": "sha512-k3LLVMFrdNA9UCvMDPWMbFrGPNb+GcPyw29ktJTo1RCN7RmxFG5XzPZcPKRlnLuLT/FRm8wp4ohvDwNY7GlROQ==",
      "dev": true
    },
    "@types/node": {
      "version": "14.14.11",
      "resolved": "https://registry.npmjs.org/@types/node/-/node-14.14.11.tgz",
      "integrity": "sha512-BJ97wAUuU3NUiUCp44xzUFquQEvnk1wu7q4CMEUYKJWjdkr0YWYDsm4RFtAvxYsNjLsKcrFt6RvK8r+mnzMbEQ==",
      "dev": true
    },
    "@types/sql.js": {
      "version": "1.0.3",
      "resolved": "https://registry.npmjs.org/@types/sql.js/-/sql.js-1.0.3.tgz",
      "integrity": "sha512-LVKYbcXRD+CneFqKVUHtSdVARo3DFn3JusZTV1CNkrg5i/rR1uGDcv0v6PrVgGtxTRdxI0FgL38QxgCQoVi/Aw==",
      "dev": true,
      "requires": {
        "@types/emscripten": "*",
        "@types/node": "*"
      }
    },
    "putil-promisify": {
      "version": "1.8.2",
      "resolved": "https://registry.npmjs.org/putil-promisify/-/putil-promisify-1.8.2.tgz",
      "integrity": "sha512-jll4WO2Ef8eTvDjLGOFaFNhY3if6xRpXRSX8lbvKsXWaVaL8loGA5Wto/q1n2Lf85Zaua3l9Glhr9J46NSexkw=="
    },
    "sql.js": {
      "version": "1.4.0",
      "resolved": "https://registry.npmjs.org/sql.js/-/sql.js-1.4.0.tgz",
      "integrity": "sha512-lm9x8M6O1kXjSieP/Z8Zayh+ksHN78TYX7pSh0UR1GjSVx5Kp1r+bo+l4s44rcpb0002i25f+QC4FYtfqr3lYQ==",
      "dev": true
    }
  }
}
