{
  "name": "@sqb/oracle",
  "version": "4.0.1-alpha.4",
  "lockfileVersion": 1,
  "requires": true,
  "dependencies": {
    "@types/node": {
      "version": "14.14.20",
      "resolved": "https://registry.npmjs.org/@types/node/-/node-14.14.20.tgz",
      "integrity": "sha512-Y93R97Ouif9JEOWPIUyU+eyIdyRqQR0I8Ez1dzku4hDx34NWh4HbtIc3WNzwB1Y9ULvNGeu5B8h8bVL5cAk4/A==",
      "dev": true
    },
    "@types/oracledb": {
      "version": "5.1.0",
      "resolved": "https://registry.npmjs.org/@types/oracledb/-/oracledb-5.1.0.tgz",
      "integrity": "sha512-t5TyGUDTBp6hEGrtFHg9oWfvrXOvDYinzgt/GfhbOffu3Fz+zd45+D/AZj0hJfKcs50xfkz9kNzVTMaHBBNxmQ==",
      "dev": true,
      "requires": {
        "@types/node": "*",
        "dotenv": "^8.2.0"
      }
    },
    "dotenv": {
      "version": "8.2.0",
      "resolved": "https://registry.npmjs.org/dotenv/-/dotenv-8.2.0.tgz",
      "integrity": "sha512-8sJ78ElpbDJBHNeBzUbUVLsqKdccaa/BXF1uPTw3GrvQTBgrQrtObr2mUrE38vzYd8cEv+m/JBfDLioYcfXoaw==",
      "dev": true
    },
    "oracledb": {
      "version": "5.1.0",
      "resolved": "https://registry.npmjs.org/oracledb/-/oracledb-5.1.0.tgz",
      "integrity": "sha512-/IpzG729lFj8NBsA0xaOijdf6ZO3VuJbebma/hSf+VUZoIyzI/mCzBX047ramb/W8yJ1SV/HdWgs+XEczbqsXg==",
      "dev": true
    }
  }
}
