{
  "name": "@sqb/core",
  "version": "4.0.1-alpha.1",
  "lockfileVersion": 1,
  "requires": true,
  "dependencies": {
    "@types/debug": {
      "version": "4.1.5",
      "resolved": "https://registry.npmjs.org/@types/debug/-/debug-4.1.5.tgz",
      "integrity": "sha512-Q1y515GcOdTHgagaVFhHnIFQ38ygs/kmxdNpvpou+raI9UO3YZcHDngBSYKQklcKlvA7iuQlmIKbzvmxcOE9CQ==",
      "dev": true
    },
    "debug": {
      "version": "4.2.0",
      "resolved": "https://registry.npmjs.org/debug/-/debug-4.2.0.tgz",
      "integrity": "sha512-IX2ncY78vDTjZMFUdmsvIRFY2Cf4FnD0wRs+nQwJU8Lu99/tPFdb0VybiiMTPe3I6rQmwsqQqRBvxU+bZ/I8sg==",
      "requires": {
        "ms": "2.1.2"
      }
    },
    "doublylinked": {
      "version": "2.2.4",
      "resolved": "https://registry.npmjs.org/doublylinked/-/doublylinked-2.2.4.tgz",
      "integrity": "sha512-5EaZBjUPWoPE77uzyGBDDhueZhta+MUNrUzwo1oLFtDlvJSEhcH4qmkXkSE6rkAkbz2OM6e8YIG0IZaFQfsITw=="
    },
    "errorex": {
      "version": "2.3.2",
      "resolved": "https://registry.npmjs.org/errorex/-/errorex-2.3.2.tgz",
      "integrity": "sha512-CHhTyQOi/5azvHTf2gjyYPt/HkiZ5ImJx/t6PtRV/BfiWDLa6u/Sr9HmgtgJvjfEVBxQsA/VMqIwSsQ0aGGidg==",
      "requires": {
        "putil-merge": "^3.2.0",
        "stackframe": "^1.0.4"
      }
    },
    "lightning-pool": {
      "version": "2.1.10",
      "resolved": "https://registry.npmjs.org/lightning-pool/-/lightning-pool-2.1.10.tgz",
      "integrity": "sha512-8/DkgZP+Fd4qe0ZtZTOm2XkA1syVL+tN+M6oVN6zO/nFB0kk//dpponrVKa8ybXarD48F0pi7fEha6e2v9phnA==",
      "requires": {
        "doublylinked": "^2.2.4",
        "errorex": "^2.3.2",
        "putil-promisify": "^1.7.2"
      }
    },
    "ms": {
      "version": "2.1.2",
      "resolved": "https://registry.npmjs.org/ms/-/ms-2.1.2.tgz",
      "integrity": "sha512-sGkPx+VjMtmA6MX27oA4FBFELFCZZ4S4XqeGOXCv68tT+jb3vk/RyaKWP0PTKyWtmLSM0b+adUTEvbs1PEaH2w=="
    },
    "putil-flattentext": {
      "version": "2.1.0",
      "resolved": "https://registry.npmjs.org/putil-flattentext/-/putil-flattentext-2.1.0.tgz",
      "integrity": "sha512-ovX8c+O21BRARsonvGAtDruar/qkcxoviQdmaDh9o+0kPPRtoV6dqxdIoD2BH3Z+57pZISAF29EO3x93aMBQzw=="
    },
    "putil-isplainobject": {
      "version": "1.1.2",
      "resolved": "https://registry.npmjs.org/putil-isplainobject/-/putil-isplainobject-1.1.2.tgz",
      "integrity": "sha512-oL4ULPjJbTw2BtDA6DJidIBzfKc6BJ+Nj9HNvb5cpdpBCmX3DnzZh0qetR9Gy1mJhQ/rCrNA7A7UtQd0PM7J1g=="
    },
    "putil-merge": {
      "version": "3.6.2",
      "resolved": "https://registry.npmjs.org/putil-merge/-/putil-merge-3.6.2.tgz",
      "integrity": "sha512-BOEhul1cp39lMFHhXtXZ7A8aVn3NhhckAcDDxGPKxpIagxtTg6Jc2eeAWZrkUC2vhZwUmKr6E8ZgpcecqJMVTQ=="
    },
    "putil-promisify": {
      "version": "1.7.2",
      "resolved": "https://registry.npmjs.org/putil-promisify/-/putil-promisify-1.7.2.tgz",
      "integrity": "sha512-SFEHPZTgJOEA4yIrrQKi4x1RXy28HhXy3TDbLMdHFCshVAjRLMy2im1YjqFf8jTfeWKFyRtoYEI2Idy1GbixUA=="
    },
    "putil-taskqueue": {
      "version": "2.1.2",
      "resolved": "https://registry.npmjs.org/putil-taskqueue/-/putil-taskqueue-2.1.2.tgz",
      "integrity": "sha512-lsJBGKsPnwlTC5akCS2qjqkFrGGbm1QGUFgJyN9DFpRN4aNfv+ml4JehJcX9P2RMuB3GVAOkyOjYY0woNumibw==",
      "requires": {
        "doublylinked": "^2.0.1"
      }
    },
    "putil-varhelpers": {
      "version": "1.2.2",
      "resolved": "https://registry.npmjs.org/putil-varhelpers/-/putil-varhelpers-1.2.2.tgz",
      "integrity": "sha512-AsTu08dlLFN6dmNY2YZEjJdUi9KBvpKi4PQU5Jg1sgWdCUowh94dGem5dClgzPj3kpqEd7nJvfkR6AQdHN3nhA=="
    },
    "reflect-metadata": {
      "version": "0.1.13",
      "resolved": "https://registry.npmjs.org/reflect-metadata/-/reflect-metadata-0.1.13.tgz",
      "integrity": "sha512-Ts1Y/anZELhSsjMcU605fU9RE4Oi3p5ORujwbIKXfWa+0Zxs510Qrmrce5/Jowq3cHSZSJqBjypxmHarc+vEWg=="
    },
    "stackframe": {
      "version": "1.2.0",
      "resolved": "https://registry.npmjs.org/stackframe/-/stackframe-1.2.0.tgz",
      "integrity": "sha512-GrdeshiRmS1YLMYgzF16olf2jJ/IzxXY9lhKOskuVziubpTYcYqyOwYeJKzQkwy7uN0fYSsbsC4RQaXf9LCrYA=="
    }
  }
}
