{
  "name": "@sqb/builder",
  "version": "4.0.1-alpha.2",
  "lockfileVersion": 1,
  "requires": true,
  "dependencies": {
    "@types/debug": {
      "version": "4.1.5",
      "resolved": "https://registry.npmjs.org/@types/debug/-/debug-4.1.5.tgz",
      "integrity": "sha512-Q1y515GcOdTHgagaVFhHnIFQ38ygs/kmxdNpvpou+raI9UO3YZcHDngBSYKQklcKlvA7iuQlmIKbzvmxcOE9CQ==",
      "dev": true
    },
    "debug": {
      "version": "4.3.1",
      "resolved": "https://registry.npmjs.org/debug/-/debug-4.3.1.tgz",
      "integrity": "sha512-doEwdvm4PCeK4K3RQN2ZC2BYUBaxwLARCqZmMjtF8a51J2Rb0xpVloFRnCODwqjpwnAoao4pelN8l3RJdv3gRQ==",
      "requires": {
        "ms": "2.1.2"
      }
    },
    "ms": {
      "version": "2.1.2",
      "resolved": "https://registry.npmjs.org/ms/-/ms-2.1.2.tgz",
      "integrity": "sha512-sGkPx+VjMtmA6MX27oA4FBFELFCZZ4S4XqeGOXCv68tT+jb3vk/RyaKWP0PTKyWtmLSM0b+adUTEvbs1PEaH2w=="
    },
    "putil-flattentext": {
      "version": "2.1.0",
      "resolved": "https://registry.npmjs.org/putil-flattentext/-/putil-flattentext-2.1.0.tgz",
      "integrity": "sha512-ovX8c+O21BRARsonvGAtDruar/qkcxoviQdmaDh9o+0kPPRtoV6dqxdIoD2BH3Z+57pZISAF29EO3x93aMBQzw=="
    },
    "putil-isplainobject": {
      "version": "1.1.3",
      "resolved": "https://registry.npmjs.org/putil-isplainobject/-/putil-isplainobject-1.1.3.tgz",
      "integrity": "sha512-7qTuYdoTdH1GwKp/Z/wdIxbE5kg7t/c1T2Dpl9AfQZk1C1f3SK11hiYBTjRCI1ArR3927WMBJE17bAoHEN14WA=="
    },
    "putil-merge": {
      "version": "3.6.2",
      "resolved": "https://registry.npmjs.org/putil-merge/-/putil-merge-3.6.2.tgz",
      "integrity": "sha512-BOEhul1cp39lMFHhXtXZ7A8aVn3NhhckAcDDxGPKxpIagxtTg6Jc2eeAWZrkUC2vhZwUmKr6E8ZgpcecqJMVTQ=="
    },
    "putil-varhelpers": {
      "version": "1.2.2",
      "resolved": "https://registry.npmjs.org/putil-varhelpers/-/putil-varhelpers-1.2.2.tgz",
      "integrity": "sha512-AsTu08dlLFN6dmNY2YZEjJdUi9KBvpKi4PQU5Jg1sgWdCUowh94dGem5dClgzPj3kpqEd7nJvfkR6AQdHN3nhA=="
    }
  }
}
